
Microsoft Visual Studio Solution File, Format Version 12.00
# Visual Studio Version 17
VisualStudioVersion = 17.13.35931.197 d17.13
MinimumVisualStudioVersion = 10.0.40219.1
Project("{FAE04EC0-301F-11D3-BF4B-00C04F79EFBC}") = "EjercicioNetMaui#1", "EjercicioNetMaui#1\EjercicioNetMaui#1.csproj", "{EC7371D6-7D01-4A51-8B8F-379B3A7A4433}"
EndProject
Global
	GlobalSection(SolutionConfigurationPlatforms) = preSolution
		Debug|Any CPU = Debug|Any CPU
		Release|Any CPU = Release|Any CPU
	EndGlobalSection
	GlobalSection(ProjectConfigurationPlatforms) = postSolution
		{EC7371D6-7D01-4A51-8B8F-379B3A7A4433}.Debug|Any CPU.ActiveCfg = Debug|Any CPU
		{EC7371D6-7D01-4A51-8B8F-379B3A7A4433}.Debug|Any CPU.Build.0 = Debug|Any CPU
		{EC7371D6-7D01-4A51-8B8F-379B3A7A4433}.Release|Any CPU.ActiveCfg = Release|Any CPU
		{EC7371D6-7D01-4A51-8B8F-379B3A7A4433}.Release|Any CPU.Build.0 = Release|Any CPU
	EndGlobalSection
	GlobalSection(SolutionProperties) = preSolution
		HideSolutionNode = FALSE
	EndGlobalSection
	GlobalSection(ExtensibilityGlobals) = postSolution
		SolutionGuid = {B0EEC2DE-950F-4668-B88F-6176A397C132}
	EndGlobalSection
EndGlobal
